
Microsoft Visual Studio Solution File, Format Version 12.00
# Visual Studio Version 16
VisualStudioVersion = 16.0.31205.134
MinimumVisualStudioVersion = 10.0.40219.1
Project("{9A19103F-16F7-4668-BE54-9A1E7A4F7556}") = "SQlBulkInsertDatatable", "SQlBulkInsertDatatable.csproj", "{B70AB1AF-6CF2-4DE4-91CA-893998F32CBC}"
EndProject
Project("{2150E333-8FDC-42A3-9474-1A3956D46DE8}") = "Solution Items", "Solution Items", "{80377848-015B-44D9-B639-FCD6AA48769A}"
	ProjectSection(SolutionItems) = preProject
		.editorconfig = .editorconfig
		CreateDBAndTable.sql = CreateDBAndTable.sql
	EndProjectSection
EndProject
Global
	GlobalSection(SolutionConfigurationPlatforms) = preSolution
		Debug|Any CPU = Debug|Any CPU
		Release|Any CPU = Release|Any CPU
	EndGlobalSection
	GlobalSection(ProjectConfigurationPlatforms) = postSolution
		{B70AB1AF-6CF2-4DE4-91CA-893998F32CBC}.Debug|Any CPU.ActiveCfg = Debug|Any CPU
		{B70AB1AF-6CF2-4DE4-91CA-893998F32CBC}.Debug|Any CPU.Build.0 = Debug|Any CPU
		{B70AB1AF-6CF2-4DE4-91CA-893998F32CBC}.Release|Any CPU.ActiveCfg = Release|Any CPU
		{B70AB1AF-6CF2-4DE4-91CA-893998F32CBC}.Release|Any CPU.Build.0 = Release|Any CPU
	EndGlobalSection
	GlobalSection(SolutionProperties) = preSolution
		HideSolutionNode = FALSE
	EndGlobalSection
	GlobalSection(ExtensibilityGlobals) = postSolution
		SolutionGuid = {8AEA5B2D-3536-4316-9140-E599F17818F6}
	EndGlobalSection
EndGlobal
